
Microsoft Visual Studio Solution File, Format Version 12.00
# Visual Studio Version 17
VisualStudioVersion = 17.14.36221.1 d17.14
MinimumVisualStudioVersion = 10.0.40219.1
Project("{FAE04EC0-301F-11D3-BF4B-00C04F79EFBC}") = "Sistema de Torneos “Deporte Total”", "Sistema de Torneos “Deporte Total”\Sistema de Torneos “Deporte Total”.csproj", "{BA409344-DE17-4EAB-B201-36D92986E3F2}"
EndProject
Project("{FAE04EC0-301F-11D3-BF4B-00C04F79EFBC}") = "Torneo.Logica", "Torneo.Logica\Torneo.Logica.csproj", "{C0C7AC6C-7E11-4293-BD61-2D23F060BC24}"
EndProject
Global
	GlobalSection(SolutionConfigurationPlatforms) = preSolution
		Debug|Any CPU = Debug|Any CPU
		Release|Any CPU = Release|Any CPU
	EndGlobalSection
	GlobalSection(ProjectConfigurationPlatforms) = postSolution
		{BA409344-DE17-4EAB-B201-36D92986E3F2}.Debug|Any CPU.ActiveCfg = Debug|Any CPU
		{BA409344-DE17-4EAB-B201-36D92986E3F2}.Debug|Any CPU.Build.0 = Debug|Any CPU
		{BA409344-DE17-4EAB-B201-36D92986E3F2}.Release|Any CPU.ActiveCfg = Release|Any CPU
		{BA409344-DE17-4EAB-B201-36D92986E3F2}.Release|Any CPU.Build.0 = Release|Any CPU
		{C0C7AC6C-7E11-4293-BD61-2D23F060BC24}.Debug|Any CPU.ActiveCfg = Debug|Any CPU
		{C0C7AC6C-7E11-4293-BD61-2D23F060BC24}.Debug|Any CPU.Build.0 = Debug|Any CPU
		{C0C7AC6C-7E11-4293-BD61-2D23F060BC24}.Release|Any CPU.ActiveCfg = Release|Any CPU
		{C0C7AC6C-7E11-4293-BD61-2D23F060BC24}.Release|Any CPU.Build.0 = Release|Any CPU
	EndGlobalSection
	GlobalSection(SolutionProperties) = preSolution
		HideSolutionNode = FALSE
	EndGlobalSection
	GlobalSection(ExtensibilityGlobals) = postSolution
		SolutionGuid = {C9E36BFA-8172-4D6A-9EEE-52A1598B83C1}
	EndGlobalSection
EndGlobal
